{
  "name": "mock",
  "version": "1.0.0",
  "lockfileVersion": 1,
  "requires": true,
  "dependencies": {
    "commander": {
      "version": "3.0.2",
      "resolved": "https://registry.npmjs.org/commander/-/commander-3.0.2.tgz",
      "integrity": "sha512-Gar0ASD4BDyKC4hl4DwHqDrmvjoxWKZigVnAbn5H1owvm4CxCPdb0HQDehwNYMJpla5+M2tPmPARzhtYuwpHow=="
    },
    "mockjs": {
      "version": "1.0.1-beta3",
      "resolved": "https://registry.npmjs.org/mockjs/-/mockjs-1.0.1-beta3.tgz",
      "integrity": "sha1-0jTzwnJWOXVk8slVFC6JGQlTcgk=",
      "requires": {
        "commander": "3.0.2"
      }
    }
  }
}
